// !$*UTF8*$!
{
	archiveVersion = 1;
	classes = {
	};
	objectVersion = 46;
	objects = {

/* Begin PBXBuildFile section */
		CAABBD801E6188ED0002E95C /* AppDelegate.swift in Sources */ = {isa = PBXBuildFile; fileRef = CAABBD7F1E6188ED0002E95C /* AppDelegate.swift */; };
		CAABBD821E6188ED0002E95C /* MainVC.swift in Sources */ = {isa = PBXBuildFile; fileRef = CAABBD811E6188ED0002E95C /* MainVC.swift */; };
		CAABBD851E6188ED0002E95C /* Main.storyboard in Resources */ = {isa = PBXBuildFile; fileRef = CAABBD831E6188ED0002E95C /* Main.storyboard */; };
		CAABBD881E6188ED0002E95C /* Dreamlister.xcdatamodeld in Sources */ = {isa = PBXBuildFile; fileRef = CAABBD861E6188ED0002E95C /* Dreamlister.xcdatamodeld */; };
		CAABBD8A1E6188ED0002E95C /* Assets.xcassets in Resources */ = {isa = PBXBuildFile; fileRef = CAABBD891E6188ED0002E95C /* Assets.xcassets */; };
		CAABBD8D1E6188ED0002E95C /* LaunchScreen.storyboard in Resources */ = {isa = PBXBuildFile; fileRef = CAABBD8B1E6188ED0002E95C /* LaunchScreen.storyboard */; };
		CAABBD9C1E618EA70002E95C /* Item+CoreDataClass.swift in Sources */ = {isa = PBXBuildFile; fileRef = CAABBD941E618EA70002E95C /* Item+CoreDataClass.swift */; };
		CAABBD9D1E618EA70002E95C /* Item+CoreDataProperties.swift in Sources */ = {isa = PBXBuildFile; fileRef = CAABBD951E618EA70002E95C /* Item+CoreDataProperties.swift */; };
		CAABBD9E1E618EA70002E95C /* Image+CoreDataClass.swift in Sources */ = {isa = PBXBuildFile; fileRef = CAABBD961E618EA70002E95C /* Image+CoreDataClass.swift */; };
		CAABBD9F1E618EA70002E95C /* Image+CoreDataProperties.swift in Sources */ = {isa = PBXBuildFile; fileRef = CAABBD971E618EA70002E95C /* Image+CoreDataProperties.swift */; };
		CAABBDA01E618EA70002E95C /* ItemType+CoreDataClass.swift in Sources */ = {isa = PBXBuildFile; fileRef = CAABBD981E618EA70002E95C /* ItemType+CoreDataClass.swift */; };
		CAABBDA11E618EA70002E95C /* ItemType+CoreDataProperties.swift in Sources */ = {isa = PBXBuildFile; fileRef = CAABBD991E618EA70002E95C /* ItemType+CoreDataProperties.swift */; };
		CAABBDA21E618EA70002E95C /* Store+CoreDataClass.swift in Sources */ = {isa = PBXBuildFile; fileRef = CAABBD9A1E618EA70002E95C /* Store+CoreDataClass.swift */; };
		CAABBDA31E618EA70002E95C /* Store+CoreDataProperties.swift in Sources */ = {isa = PBXBuildFile; fileRef = CAABBD9B1E618EA70002E95C /* Store+CoreDataProperties.swift */; };
		CAABBDA71E6194CC0002E95C /* 2016_tesla_model-s_sedan_p90d_fq_oem_1_1280.jpg in Resources */ = {isa = PBXBuildFile; fileRef = CAABBDA61E6194CC0002E95C /* 2016_tesla_model-s_sedan_p90d_fq_oem_1_1280.jpg */; };
		CAABBDAA1E6195510002E95C /* MaterialView.swift in Sources */ = {isa = PBXBuildFile; fileRef = CAABBDA91E6195510002E95C /* MaterialView.swift */; };
/* End PBXBuildFile section */

/* Begin PBXFileReference section */
		CAABBD7C1E6188ED0002E95C /* Dreamlister.app */ = {isa = PBXFileReference; explicitFileType = wrapper.application; includeInIndex = 0; path = Dreamlister.app; sourceTree = BUILT_PRODUCTS_DIR; };
		CAABBD7F1E6188ED0002E95C /* AppDelegate.swift */ = {isa = PBXFileReference; lastKnownFileType = sourcecode.swift; path = AppDelegate.swift; sourceTree = "<group>"; };
		CAABBD811E6188ED0002E95C /* MainVC.swift */ = {isa = PBXFileReference; lastKnownFileType = sourcecode.swift; path = MainVC.swift; sourceTree = "<group>"; };
		CAABBD841E6188ED0002E95C /* Base */ = {isa = PBXFileReference; lastKnownFileType = file.storyboard; name = Base; path = Base.lproj/Main.storyboard; sourceTree = "<group>"; };
		CAABBD871E6188ED0002E95C /* Dreamlister.xcdatamodel */ = {isa = PBXFileReference; lastKnownFileType = wrapper.xcdatamodel; path = Dreamlister.xcdatamodel; sourceTree = "<group>"; };
		CAABBD891E6188ED0002E95C /* Assets.xcassets */ = {isa = PBXFileReference; lastKnownFileType = folder.assetcatalog; path = Assets.xcassets; sourceTree = "<group>"; };
		CAABBD8C1E6188ED0002E95C /* Base */ = {isa = PBXFileReference; lastKnownFileType = file.storyboard; name = Base; path = Base.lproj/LaunchScreen.storyboard; sourceTree = "<group>"; };
		CAABBD8E1E6188ED0002E95C /* Info.plist */ = {isa = PBXFileReference; lastKnownFileType = text.plist.xml; path = Info.plist; sourceTree = "<group>"; };
		CAABBD941E618EA70002E95C /* Item+CoreDataClass.swift */ = {isa = PBXFileReference; fileEncoding = 4; lastKnownFileType = sourcecode.swift; path = "Item+CoreDataClass.swift"; sourceTree = "<group>"; };
		CAABBD951E618EA70002E95C /* Item+CoreDataProperties.swift */ = {isa = PBXFileReference; fileEncoding = 4; lastKnownFileType = sourcecode.swift; path = "Item+CoreDataProperties.swift"; sourceTree = "<group>"; };
		CAABBD961E618EA70002E95C /* Image+CoreDataClass.swift */ = {isa = PBXFileReference; fileEncoding = 4; lastKnownFileType = sourcecode.swift; path = "Image+CoreDataClass.swift"; sourceTree = "<group>"; };
		CAABBD971E618EA70002E95C /* Image+CoreDataProperties.swift */ = {isa = PBXFileReference; fileEncoding = 4; lastKnownFileType = sourcecode.swift; path = "Image+CoreDataProperties.swift"; sourceTree = "<group>"; };
		CAABBD981E618EA70002E95C /* ItemType+CoreDataClass.swift */ = {isa = PBXFileReference; fileEncoding = 4; lastKnownFileType = sourcecode.swift; path = "ItemType+CoreDataClass.swift"; sourceTree = "<group>"; };
		CAABBD991E618EA70002E95C /* ItemType+CoreDataProperties.swift */ = {isa = PBXFileReference; fileEncoding = 4; lastKnownFileType = sourcecode.swift; path = "ItemType+CoreDataProperties.swift"; sourceTree = "<group>"; };
		CAABBD9A1E618EA70002E95C /* Store+CoreDataClass.swift */ = {isa = PBXFileReference; fileEncoding = 4; lastKnownFileType = sourcecode.swift; path = "Store+CoreDataClass.swift"; sourceTree = "<group>"; };
		CAABBD9B1E618EA70002E95C /* Store+CoreDataProperties.swift */ = {isa = PBXFileReference; fileEncoding = 4; lastKnownFileType = sourcecode.swift; path = "Store+CoreDataProperties.swift"; sourceTree = "<group>"; };
		CAABBDA61E6194CC0002E95C /* 2016_tesla_model-s_sedan_p90d_fq_oem_1_1280.jpg */ = {isa = PBXFileReference; lastKnownFileType = image.jpeg; path = "2016_tesla_model-s_sedan_p90d_fq_oem_1_1280.jpg"; sourceTree = "<group>"; };
		CAABBDA91E6195510002E95C /* MaterialView.swift */ = {isa = PBXFileReference; fileEncoding = 4; lastKnownFileType = sourcecode.swift; path = MaterialView.swift; sourceTree = "<group>"; };
/* End PBXFileReference section */

/* Begin PBXFrameworksBuildPhase section */
		CAABBD791E6188ED0002E95C /* Frameworks */ = {
			isa = PBXFrameworksBuildPhase;
			buildActionMask = 2147483647;
			files = (
			);
			runOnlyForDeploymentPostprocessing = 0;
		};
/* End PBXFrameworksBuildPhase section */

/* Begin PBXGroup section */
		CAABBD731E6188ED0002E95C = {
			isa = PBXGroup;
			children = (
				CAABBD7E1E6188ED0002E95C /* Dreamlister */,
				CAABBD7D1E6188ED0002E95C /* Products */,
			);
			sourceTree = "<group>";
		};
		CAABBD7D1E6188ED0002E95C /* Products */ = {
			isa = PBXGroup;
			children = (
				CAABBD7C1E6188ED0002E95C /* Dreamlister.app */,
			);
			name = Products;
			sourceTree = "<group>";
		};
		CAABBD7E1E6188ED0002E95C /* Dreamlister */ = {
			isa = PBXGroup;
			children = (
				CAABBDA81E6195310002E95C /* View */,
				CAABBDA41E618ED30002E95C /* Model */,
				CAABBDA51E618EDA0002E95C /* Generated */,
				CAABBD7F1E6188ED0002E95C /* AppDelegate.swift */,
				CAABBD811E6188ED0002E95C /* MainVC.swift */,
				CAABBDA61E6194CC0002E95C /* 2016_tesla_model-s_sedan_p90d_fq_oem_1_1280.jpg */,
				CAABBD831E6188ED0002E95C /* Main.storyboard */,
				CAABBD891E6188ED0002E95C /* Assets.xcassets */,
				CAABBD8B1E6188ED0002E95C /* LaunchScreen.storyboard */,
				CAABBD8E1E6188ED0002E95C /* Info.plist */,
				CAABBD861E6188ED0002E95C /* Dreamlister.xcdatamodeld */,
			);
			path = Dreamlister;
			sourceTree = "<group>";
		};
		CAABBDA41E618ED30002E95C /* Model */ = {
			isa = PBXGroup;
			children = (
				CAABBD941E618EA70002E95C /* Item+CoreDataClass.swift */,
				CAABBD961E618EA70002E95C /* Image+CoreDataClass.swift */,
				CAABBD981E618EA70002E95C /* ItemType+CoreDataClass.swift */,
				CAABBD9A1E618EA70002E95C /* Store+CoreDataClass.swift */,
			);
			name = Model;
			sourceTree = "<group>";
		};
		CAABBDA51E618EDA0002E95C /* Generated */ = {
			isa = PBXGroup;
			children = (
				CAABBD951E618EA70002E95C /* Item+CoreDataProperties.swift */,
				CAABBD971E618EA70002E95C /* Image+CoreDataProperties.swift */,
				CAABBD991E618EA70002E95C /* ItemType+CoreDataProperties.swift */,
				CAABBD9B1E618EA70002E95C /* Store+CoreDataProperties.swift */,
			);
			name = Generated;
			sourceTree = "<group>";
		};
		CAABBDA81E6195310002E95C /* View */ = {
			isa = PBXGroup;
			children = (
				CAABBDA91E6195510002E95C /* MaterialView.swift */,
			);
			name = View;
			sourceTree = "<group>";
		};
/* End PBXGroup section */

/* Begin PBXNativeTarget section */
		CAABBD7B1E6188ED0002E95C /* Dreamlister */ = {
			isa = PBXNativeTarget;
			buildConfigurationList = CAABBD911E6188ED0002E95C /* Build configuration list for PBXNativeTarget "Dreamlister" */;
			buildPhases = (
				CAABBD781E6188ED0002E95C /* Sources */,
				CAABBD791E6188ED0002E95C /* Frameworks */,
				CAABBD7A1E6188ED0002E95C /* Resources */,
			);
			buildRules = (
			);
			dependencies = (
			);
			name = Dreamlister;
			productName = Dreamlister;
			productReference = CAABBD7C1E6188ED0002E95C /* Dreamlister.app */;
			productType = "com.apple.product-type.application";
		};
/* End PBXNativeTarget section */

/* Begin PBXProject section */
		CAABBD741E6188ED0002E95C /* Project object */ = {
			isa = PBXProject;
			attributes = {
				LastSwiftUpdateCheck = 0820;
				LastUpgradeCheck = 0820;
				ORGANIZATIONNAME = "JMLeaux LLC";
				TargetAttributes = {
					CAABBD7B1E6188ED0002E95C = {
						CreatedOnToolsVersion = 8.2.1;
						DevelopmentTeam = 2P82N6PF63;
						ProvisioningStyle = Automatic;
					};
				};
			};
			buildConfigurationList = CAABBD771E6188ED0002E95C /* Build configuration list for PBXProject "Dreamlister" */;
			compatibilityVersion = "Xcode 3.2";
			developmentRegion = English;
			hasScannedForEncodings = 0;
			knownRegions = (
				en,
				Base,
			);
			mainGroup = CAABBD731E6188ED0002E95C;
			productRefGroup = CAABBD7D1E6188ED0002E95C /* Products */;
			projectDirPath = "";
			projectRoot = "";
			targets = (
				CAABBD7B1E6188ED0002E95C /* Dreamlister */,
			);
		};
/* End PBXProject section */

/* Begin PBXResourcesBuildPhase section */
		CAABBD7A1E6188ED0002E95C /* Resources */ = {
			isa = PBXResourcesBuildPhase;
			buildActionMask = 2147483647;
			files = (
				CAABBD8D1E6188ED0002E95C /* LaunchScreen.storyboard in Resources */,
				CAABBDA71E6194CC0002E95C /* 2016_tesla_model-s_sedan_p90d_fq_oem_1_1280.jpg in Resources */,
				CAABBD8A1E6188ED0002E95C /* Assets.xcassets in Resources */,
				CAABBD851E6188ED0002E95C /* Main.storyboard in Resources */,
			);
			runOnlyForDeploymentPostprocessing = 0;
		};
/* End PBXResourcesBuildPhase section */

/* Begin PBXSourcesBuildPhase section */
		CAABBD781E6188ED0002E95C /* Sources */ = {
			isa = PBXSourcesBuildPhase;
			buildActionMask = 2147483647;
			files = (
				CAABBD821E6188ED0002E95C /* MainVC.swift in Sources */,
				CAABBD881E6188ED0002E95C /* Dreamlister.xcdatamodeld in Sources */,
				CAABBDA11E618EA70002E95C /* ItemType+CoreDataProperties.swift in Sources */,
				CAABBDAA1E6195510002E95C /* MaterialView.swift in Sources */,
				CAABBD9C1E618EA70002E95C /* Item+CoreDataClass.swift in Sources */,
				CAABBDA31E618EA70002E95C /* Store+CoreDataProperties.swift in Sources */,
				CAABBD9E1E618EA70002E95C /* Image+CoreDataClass.swift in Sources */,
				CAABBDA01E618EA70002E95C /* ItemType+CoreDataClass.swift in Sources */,
				CAABBD801E6188ED0002E95C /* AppDelegate.swift in Sources */,
				CAABBDA21E618EA70002E95C /* Store+CoreDataClass.swift in Sources */,
				CAABBD9D1E618EA70002E95C /* Item+CoreDataProperties.swift in Sources */,
				CAABBD9F1E618EA70002E95C /* Image+CoreDataProperties.swift in Sources */,
			);
			runOnlyForDeploymentPostprocessing = 0;
		};
/* End PBXSourcesBuildPhase section */

/* Begin PBXVariantGroup section */
		CAABBD831E6188ED0002E95C /* Main.storyboard */ = {
			isa = PBXVariantGroup;
			children = (
				CAABBD841E6188ED0002E95C /* Base */,
			);
			name = Main.storyboard;
			sourceTree = "<group>";
		};
		CAABBD8B1E6188ED0002E95C /* LaunchScreen.storyboard */ = {
			isa = PBXVariantGroup;
			children = (
				CAABBD8C1E6188ED0002E95C /* Base */,
			);
			name = LaunchScreen.storyboard;
			sourceTree = "<group>";
		};
/* End PBXVariantGroup section */

/* Begin XCBuildConfiguration section */
		CAABBD8F1E6188ED0002E95C /* Debug */ = {
			isa = XCBuildConfiguration;
			buildSettings = {
				ALWAYS_SEARCH_USER_PATHS = NO;
				CLANG_ANALYZER_NONNULL = YES;
				CLANG_CXX_LANGUAGE_STANDARD = "gnu++0x";
				CLANG_CXX_LIBRARY = "libc++";
				CLANG_ENABLE_MODULES = YES;
				CLANG_ENABLE_OBJC_ARC = YES;
				CLANG_WARN_BOOL_CONVERSION = YES;
				CLANG_WARN_CONSTANT_CONVERSION = YES;
				CLANG_WARN_DIRECT_OBJC_ISA_USAGE = YES_ERROR;
				CLANG_WARN_DOCUMENTATION_COMMENTS = YES;
				CLANG_WARN_EMPTY_BODY = YES;
				CLANG_WARN_ENUM_CONVERSION = YES;
				CLANG_WARN_INFINITE_RECURSION = YES;
				CLANG_WARN_INT_CONVERSION = YES;
				CLANG_WARN_OBJC_ROOT_CLASS = YES_ERROR;
				CLANG_WARN_SUSPICIOUS_MOVE = YES;
				CLANG_WARN_UNREACHABLE_CODE = YES;
				CLANG_WARN__DUPLICATE_METHOD_MATCH = YES;
				"CODE_SIGN_IDENTITY[sdk=iphoneos*]" = "iPhone Developer";
				COPY_PHASE_STRIP = NO;
				DEBUG_INFORMATION_FORMAT = dwarf;
				ENABLE_STRICT_OBJC_MSGSEND = YES;
				ENABLE_TESTABILITY = YES;
				GCC_C_LANGUAGE_STANDARD = gnu99;
				GCC_DYNAMIC_NO_PIC = NO;
				GCC_NO_COMMON_BLOCKS = YES;
				GCC_OPTIMIZATION_LEVEL = 0;
				GCC_PREPROCESSOR_DEFINITIONS = (
					"DEBUG=1",
					"$(inherited)",
				);
				GCC_WARN_64_TO_32_BIT_CONVERSION = YES;
				GCC_WARN_ABOUT_RETURN_TYPE = YES_ERROR;
				GCC_WARN_UNDECLARED_SELECTOR = YES;
				GCC_WARN_UNINITIALIZED_AUTOS = YES_AGGRESSIVE;
				GCC_WARN_UNUSED_FUNCTION = YES;
				GCC_WARN_UNUSED_VARIABLE = YES;
				IPHONEOS_DEPLOYMENT_TARGET = 10.2;
				MTL_ENABLE_DEBUG_INFO = YES;
				ONLY_ACTIVE_ARCH = YES;
				SDKROOT = iphoneos;
				SWIFT_ACTIVE_COMPILATION_CONDITIONS = DEBUG;
				SWIFT_OPTIMIZATION_LEVEL = "-Onone";
				TARGETED_DEVICE_FAMILY = "1,2";
			};
			name = Debug;
		};
		CAABBD901E6188ED0002E95C /* Release */ = {
			isa = XCBuildConfiguration;
			buildSettings = {
				ALWAYS_SEARCH_USER_PATHS = NO;
				CLANG_ANALYZER_NONNULL = YES;
				CLANG_CXX_LANGUAGE_STANDARD = "gnu++0x";
				CLANG_CXX_LIBRARY = "libc++";
				CLANG_ENABLE_MODULES = YES;
				CLANG_ENABLE_OBJC_ARC = YES;
				CLANG_WARN_BOOL_CONVERSION = YES;
				CLANG_WARN_CONSTANT_CONVERSION = YES;
				CLANG_WARN_DIRECT_OBJC_ISA_USAGE = YES_ERROR;
				CLANG_WARN_DOCUMENTATION_COMMENTS = YES;
				CLANG_WARN_EMPTY_BODY = YES;
				CLANG_WARN_ENUM_CONVERSION = YES;
				CLANG_WARN_INFINITE_RECURSION = YES;
				CLANG_WARN_INT_CONVERSION = YES;
				CLANG_WARN_OBJC_ROOT_CLASS = YES_ERROR;
				CLANG_WARN_SUSPICIOUS_MOVE = YES;
				CLANG_WARN_UNREACHABLE_CODE = YES;
				CLANG_WARN__DUPLICATE_METHOD_MATCH = YES;
				"CODE_SIGN_IDENTITY[sdk=iphoneos*]" = "iPhone Developer";
				COPY_PHASE_STRIP = NO;
				DEBUG_INFORMATION_FORMAT = "dwarf-with-dsym";
				ENABLE_NS_ASSERTIONS = NO;
				ENABLE_STRICT_OBJC_MSGSEND = YES;
				GCC_C_LANGUAGE_STANDARD = gnu99;
				GCC_NO_COMMON_BLOCKS = YES;
				GCC_WARN_64_TO_32_BIT_CONVERSION = YES;
				GCC_WARN_ABOUT_RETURN_TYPE = YES_ERROR;
				GCC_WARN_UNDECLARED_SELECTOR = YES;
				GCC_WARN_UNINITIALIZED_AUTOS = YES_AGGRESSIVE;
				GCC_WARN_UNUSED_FUNCTION = YES;
				GCC_WARN_UNUSED_VARIABLE = YES;
				IPHONEOS_DEPLOYMENT_TARGET = 10.2;
				MTL_ENABLE_DEBUG_INFO = NO;
				SDKROOT = iphoneos;
				SWIFT_OPTIMIZATION_LEVEL = "-Owholemodule";
				TARGETED_DEVICE_FAMILY = "1,2";
				VALIDATE_PRODUCT = YES;
			};
			name = Release;
		};
		CAABBD921E6188ED0002E95C /* Debug */ = {
			isa = XCBuildConfiguration;
			buildSettings = {
				ASSETCATALOG_COMPILER_APPICON_NAME = AppIcon;
				DEVELOPMENT_TEAM = 2P82N6PF63;
				INFOPLIST_FILE = Dreamlister/Info.plist;
				LD_RUNPATH_SEARCH_PATHS = "$(inherited) @executable_path/Frameworks";
				PRODUCT_BUNDLE_IDENTIFIER = net.jmlowe.Dreamlister;
				PRODUCT_NAME = "$(TARGET_NAME)";
				SWIFT_VERSION = 3.0;
			};
			name = Debug;
		};
		CAABBD931E6188ED0002E95C /* Release */ = {
			isa = XCBuildConfiguration;
			buildSettings = {
				ASSETCATALOG_COMPILER_APPICON_NAME = AppIcon;
				DEVELOPMENT_TEAM = 2P82N6PF63;
				INFOPLIST_FILE = Dreamlister/Info.plist;
				LD_RUNPATH_SEARCH_PATHS = "$(inherited) @executable_path/Frameworks";
				PRODUCT_BUNDLE_IDENTIFIER = net.jmlowe.Dreamlister;
				PRODUCT_NAME = "$(TARGET_NAME)";
				SWIFT_VERSION = 3.0;
			};
			name = Release;
		};
/* End XCBuildConfiguration section */

/* Begin XCConfigurationList section */
		CAABBD771E6188ED0002E95C /* Build configuration list for PBXProject "Dreamlister" */ = {
			isa = XCConfigurationList;
			buildConfigurations = (
				CAABBD8F1E6188ED0002E95C /* Debug */,
				CAABBD901E6188ED0002E95C /* Release */,
			);
			defaultConfigurationIsVisible = 0;
			defaultConfigurationName = Release;
		};
		CAABBD911E6188ED0002E95C /* Build configuration list for PBXNativeTarget "Dreamlister" */ = {
			isa = XCConfigurationList;
			buildConfigurations = (
				CAABBD921E6188ED0002E95C /* Debug */,
				CAABBD931E6188ED0002E95C /* Release */,
			);
			defaultConfigurationIsVisible = 0;
		};
/* End XCConfigurationList section */

/* Begin XCVersionGroup section */
		CAABBD861E6188ED0002E95C /* Dreamlister.xcdatamodeld */ = {
			isa = XCVersionGroup;
			children = (
				CAABBD871E6188ED0002E95C /* Dreamlister.xcdatamodel */,
			);
			currentVersion = CAABBD871E6188ED0002E95C /* Dreamlister.xcdatamodel */;
			path = Dreamlister.xcdatamodeld;
			sourceTree = "<group>";
			versionGroupType = wrapper.xcdatamodel;
		};
/* End XCVersionGroup section */
	};
	rootObject = CAABBD741E6188ED0002E95C /* Project object */;
}
